
Microsoft Visual Studio Solution File, Format Version 12.00
# Visual Studio Version 16
VisualStudioVersion = 16.0.31613.86
MinimumVisualStudioVersion = 10.0.40219.1
Project("{FAE04EC0-301F-11D3-BF4B-00C04F79EFBC}") = "MegaventoryWebApp", "MegaventoryWebApp\MegaventoryWebApp.csproj", "{5CC94D47-8873-42BF-81BA-4BE89E6184D4}"
EndProject
Global
	GlobalSection(SolutionConfigurationPlatforms) = preSolution
		Debug|Any CPU = Debug|Any CPU
		Release|Any CPU = Release|Any CPU
	EndGlobalSection
	GlobalSection(ProjectConfigurationPlatforms) = postSolution
		{5CC94D47-8873-42BF-81BA-4BE89E6184D4}.Debug|Any CPU.ActiveCfg = Debug|Any CPU
		{5CC94D47-8873-42BF-81BA-4BE89E6184D4}.Debug|Any CPU.Build.0 = Debug|Any CPU
		{5CC94D47-8873-42BF-81BA-4BE89E6184D4}.Release|Any CPU.ActiveCfg = Release|Any CPU
		{5CC94D47-8873-42BF-81BA-4BE89E6184D4}.Release|Any CPU.Build.0 = Release|Any CPU
	EndGlobalSection
	GlobalSection(SolutionProperties) = preSolution
		HideSolutionNode = FALSE
	EndGlobalSection
	GlobalSection(ExtensibilityGlobals) = postSolution
		SolutionGuid = {3201EC68-FA14-4D05-B289-71CE1F78FAB9}
	EndGlobalSection
EndGlobal
